{
  "name": "test-npm",
  "version": "1.0.0",
  "lockfileVersion": 3,
  "requires": true,
  "packages": {
    "": {
      "name": "test-npm",
      "version": "1.0.0",
      "license": "ISC",
      "dependencies": {
        "modulekit": "file:.."
      }
    },
    "..": {
      "version": "1.0.0",
      "license": "ISC",
      "dependencies": {
        "@ERC4337/account-abstraction": "github:kopy-kat/account-abstraction#develop",
        "@ERC4337/account-abstraction-v0.6": "github:eth-infinitism/account-abstraction#v0.6.0",
        "@openzeppelin/contracts": "5.0.1",
        "@prb/math": "^4.0.2",
        "@safe-global/safe-contracts": "^1.4.1",
        "checknsignatures": "github:VasilyGerrans/checknsignatures",
        "ds-test": "github:dapphub/ds-test",
        "erc4337-validation": "github:rhinestonewtf/erc4337-validation",
        "erc7579": "github:erc7579/erc7579-implementation",
        "forge-std": "github:foundry-rs/forge-std",
        "sentinellist": "github:zeroknots/sentinellist",
        "solady": "github:vectorized/solady",
        "solarray": "github:sablier-labs/solarray",
        "solmate": "github:transmissions11/solmate"
      }
    },
    "node_modules/modulekit": {
      "resolved": "..",
      "link": true
    }
  }
}
